
Microsoft Visual Studio Solution File, Format Version 12.00
# Visual Studio Version 16
VisualStudioVersion = 16.0.32002.261
MinimumVisualStudioVersion = 10.0.40219.1
Project("{FAE04EC0-301F-11D3-BF4B-00C04F79EFBC}") = "vs-2019-github-user-experience", "vs-2019-github-user-experience\vs-2019-github-user-experience.csproj", "{3F0A0F8A-58FD-4B19-8DD6-236751C687F1}"
EndProject
Global
	GlobalSection(SolutionConfigurationPlatforms) = preSolution
		Debug|Any CPU = Debug|Any CPU
		Release|Any CPU = Release|Any CPU
	EndGlobalSection
	GlobalSection(ProjectConfigurationPlatforms) = postSolution
		{3F0A0F8A-58FD-4B19-8DD6-236751C687F1}.Debug|Any CPU.ActiveCfg = Debug|Any CPU
		{3F0A0F8A-58FD-4B19-8DD6-236751C687F1}.Debug|Any CPU.Build.0 = Debug|Any CPU
		{3F0A0F8A-58FD-4B19-8DD6-236751C687F1}.Release|Any CPU.ActiveCfg = Release|Any CPU
		{3F0A0F8A-58FD-4B19-8DD6-236751C687F1}.Release|Any CPU.Build.0 = Release|Any CPU
	EndGlobalSection
	GlobalSection(SolutionProperties) = preSolution
		HideSolutionNode = FALSE
	EndGlobalSection
	GlobalSection(ExtensibilityGlobals) = postSolution
		SolutionGuid = {C2912E88-AA9B-4F00-950F-76425B8F1145}
	EndGlobalSection
EndGlobal
